
Microsoft Visual Studio Solution File, Format Version 12.00
# Visual Studio 15
VisualStudioVersion = 15.0.26730.3
MinimumVisualStudioVersion = 10.0.40219.1
Project("{FAE04EC0-301F-11D3-BF4B-00C04F79EFBC}") = "StarCommander", "StarCommander\StarCommander.csproj", "{E067C853-52B8-49C4-9B33-B1236F92ED20}"
EndProject
Project("{FAE04EC0-301F-11D3-BF4B-00C04F79EFBC}") = "StarCommanderTests", "StarCommanderTests\StarCommanderTests.csproj", "{827C7161-8838-4827-9127-0009A8DD4E13}"
EndProject
Global
	GlobalSection(SolutionConfigurationPlatforms) = preSolution
		Debug|Any CPU = Debug|Any CPU
		Release|Any CPU = Release|Any CPU
	EndGlobalSection
	GlobalSection(ProjectConfigurationPlatforms) = postSolution
		{E067C853-52B8-49C4-9B33-B1236F92ED20}.Debug|Any CPU.ActiveCfg = Debug|Any CPU
		{E067C853-52B8-49C4-9B33-B1236F92ED20}.Debug|Any CPU.Build.0 = Debug|Any CPU
		{E067C853-52B8-49C4-9B33-B1236F92ED20}.Release|Any CPU.ActiveCfg = Release|Any CPU
		{E067C853-52B8-49C4-9B33-B1236F92ED20}.Release|Any CPU.Build.0 = Release|Any CPU
		{827C7161-8838-4827-9127-0009A8DD4E13}.Debug|Any CPU.ActiveCfg = Debug|Any CPU
		{827C7161-8838-4827-9127-0009A8DD4E13}.Debug|Any CPU.Build.0 = Debug|Any CPU
		{827C7161-8838-4827-9127-0009A8DD4E13}.Release|Any CPU.ActiveCfg = Release|Any CPU
		{827C7161-8838-4827-9127-0009A8DD4E13}.Release|Any CPU.Build.0 = Release|Any CPU
	EndGlobalSection
	GlobalSection(SolutionProperties) = preSolution
		HideSolutionNode = FALSE
	EndGlobalSection
	GlobalSection(ExtensibilityGlobals) = postSolution
		SolutionGuid = {A1345C9F-EA5D-42E1-B3C0-F7A88EE40140}
	EndGlobalSection
EndGlobal
